// !$*UTF8*$!
{
	archiveVersion = 1;
	classes = {
	};
	objectVersion = 56;
	objects = {

/* Begin PBXBuildFile section */
		96DDADE029CDEF070027F434 /* LandmarksApp.swift in Sources */ = {isa = PBXBuildFile; fileRef = 96DDADDF29CDEF070027F434 /* LandmarksApp.swift */; };
		96DDADE229CDEF070027F434 /* ContentView.swift in Sources */ = {isa = PBXBuildFile; fileRef = 96DDADE129CDEF070027F434 /* ContentView.swift */; };
		96DDADE429CDEF0A0027F434 /* Assets.xcassets in Resources */ = {isa = PBXBuildFile; fileRef = 96DDADE329CDEF0A0027F434 /* Assets.xcassets */; };
		96DDADE729CDEF0A0027F434 /* Preview Assets.xcassets in Resources */ = {isa = PBXBuildFile; fileRef = 96DDADE629CDEF0A0027F434 /* Preview Assets.xcassets */; };
		96DDADF129CDEF0B0027F434 /* LandmarksTests.swift in Sources */ = {isa = PBXBuildFile; fileRef = 96DDADF029CDEF0B0027F434 /* LandmarksTests.swift */; };
		96DDADFB29CDEF0B0027F434 /* LandmarksUITests.swift in Sources */ = {isa = PBXBuildFile; fileRef = 96DDADFA29CDEF0B0027F434 /* LandmarksUITests.swift */; };
		96DDADFD29CDEF0B0027F434 /* LandmarksUITestsLaunchTests.swift in Sources */ = {isa = PBXBuildFile; fileRef = 96DDADFC29CDEF0B0027F434 /* LandmarksUITestsLaunchTests.swift */; };
		96DDAE0C29CDF4D10027F434 /* CircleImage.swift in Sources */ = {isa = PBXBuildFile; fileRef = 96DDAE0B29CDF4D10027F434 /* CircleImage.swift */; };
		96DDAE0E29CDF65F0027F434 /* MapView.swift in Sources */ = {isa = PBXBuildFile; fileRef = 96DDAE0D29CDF65F0027F434 /* MapView.swift */; };
		96DDAE1229CDFD890027F434 /* Landmark.swift in Sources */ = {isa = PBXBuildFile; fileRef = 96DDAE1129CDFD890027F434 /* Landmark.swift */; };
		96DDAE1D29CE06A20027F434 /* LandmarkRow.swift in Sources */ = {isa = PBXBuildFile; fileRef = 96DDAE1C29CE06A20027F434 /* LandmarkRow.swift */; };
		96DDAE1F29CE4CD70027F434 /* LandmarkList.swift in Sources */ = {isa = PBXBuildFile; fileRef = 96DDAE1E29CE4CD70027F434 /* LandmarkList.swift */; };
		96DDAE2129CE4E7B0027F434 /* LandmarkDetail.swift in Sources */ = {isa = PBXBuildFile; fileRef = 96DDAE2029CE4E7B0027F434 /* LandmarkDetail.swift */; };
		B1D810BC29D0C7A500D0C316 /* landmarkData.json in Resources */ = {isa = PBXBuildFile; fileRef = B1D810BB29D0C7A500D0C316 /* landmarkData.json */; };
		B1D810C029D0C7F200D0C316 /* ModelData.swift in Sources */ = {isa = PBXBuildFile; fileRef = B1D810BF29D0C7F100D0C316 /* ModelData.swift */; };
		B1D8110129D0CE5300D0C316 /* FavoriteButton.swift in Sources */ = {isa = PBXBuildFile; fileRef = B1D8110029D0CE5300D0C316 /* FavoriteButton.swift */; };
		B1D8110629D22EC600D0C316 /* HexagonParameters.swift in Sources */ = {isa = PBXBuildFile; fileRef = B1D8110529D22EC600D0C316 /* HexagonParameters.swift */; };
		B1D8110829D2310100D0C316 /* BadgeBackground.swift in Sources */ = {isa = PBXBuildFile; fileRef = B1D8110729D2310100D0C316 /* BadgeBackground.swift */; };
		B1D8110A29D234DB00D0C316 /* BadgeSymbol.swift in Sources */ = {isa = PBXBuildFile; fileRef = B1D8110929D234DB00D0C316 /* BadgeSymbol.swift */; };
		B1D8110C29D2393A00D0C316 /* RotatedBadgeSymbol.swift in Sources */ = {isa = PBXBuildFile; fileRef = B1D8110B29D2393A00D0C316 /* RotatedBadgeSymbol.swift */; };
		B1D8110E29D2397300D0C316 /* Badge.swift in Sources */ = {isa = PBXBuildFile; fileRef = B1D8110D29D2397300D0C316 /* Badge.swift */; };
		B1D8111129D35B8F00D0C316 /* hikeData.json in Resources */ = {isa = PBXBuildFile; fileRef = B1D8111029D35B8F00D0C316 /* hikeData.json */; };
		B1D8111329D35BC100D0C316 /* Hike.swift in Sources */ = {isa = PBXBuildFile; fileRef = B1D8111229D35BC100D0C316 /* Hike.swift */; };
		B1D8111B29D35E0E00D0C316 /* GraphCapsule.swift in Sources */ = {isa = PBXBuildFile; fileRef = B1D8111729D35E0E00D0C316 /* GraphCapsule.swift */; };
		B1D8111C29D35E0E00D0C316 /* HikeGraph.swift in Sources */ = {isa = PBXBuildFile; fileRef = B1D8111829D35E0E00D0C316 /* HikeGraph.swift */; };
		B1D8111D29D35E0E00D0C316 /* HikeDetail.swift in Sources */ = {isa = PBXBuildFile; fileRef = B1D8111929D35E0E00D0C316 /* HikeDetail.swift */; };
		B1D8111E29D35E0E00D0C316 /* HikeView.swift in Sources */ = {isa = PBXBuildFile; fileRef = B1D8111A29D35E0E00D0C316 /* HikeView.swift */; };
		B1D8112129D37C6E00D0C316 /* CategoryHome.swift in Sources */ = {isa = PBXBuildFile; fileRef = B1D8112029D37C6E00D0C316 /* CategoryHome.swift */; };
		B1D8112329D3870D00D0C316 /* CategoryRow.swift in Sources */ = {isa = PBXBuildFile; fileRef = B1D8112229D3870D00D0C316 /* CategoryRow.swift */; };
		B1D8112529D389EB00D0C316 /* CategoryItem.swift in Sources */ = {isa = PBXBuildFile; fileRef = B1D8112429D389EB00D0C316 /* CategoryItem.swift */; };
		B1E91ECE29D449B600174279 /* Profile.swift in Sources */ = {isa = PBXBuildFile; fileRef = B1E91ECD29D449B600174279 /* Profile.swift */; };
		B1E91ED029D449F600174279 /* ProfileHost.swift in Sources */ = {isa = PBXBuildFile; fileRef = B1E91ECF29D449F600174279 /* ProfileHost.swift */; };
		B1E91ED329D44A1400174279 /* ProfileSummary.swift in Sources */ = {isa = PBXBuildFile; fileRef = B1E91ED229D44A1400174279 /* ProfileSummary.swift */; };
		B1E91ED529D44AA800174279 /* HikeBadge.swift in Sources */ = {isa = PBXBuildFile; fileRef = B1E91ED429D44AA800174279 /* HikeBadge.swift */; };
/* End PBXBuildFile section */

/* Begin PBXContainerItemProxy section */
		96DDADED29CDEF0B0027F434 /* PBXContainerItemProxy */ = {
			isa = PBXContainerItemProxy;
			containerPortal = 96DDADD429CDEF070027F434 /* Project object */;
			proxyType = 1;
			remoteGlobalIDString = 96DDADDB29CDEF070027F434;
			remoteInfo = Landmarks;
		};
		96DDADF729CDEF0B0027F434 /* PBXContainerItemProxy */ = {
			isa = PBXContainerItemProxy;
			containerPortal = 96DDADD429CDEF070027F434 /* Project object */;
			proxyType = 1;
			remoteGlobalIDString = 96DDADDB29CDEF070027F434;
			remoteInfo = Landmarks;
		};
/* End PBXContainerItemProxy section */

/* Begin PBXFileReference section */
		96DDADDC29CDEF070027F434 /* Landmarks.app */ = {isa = PBXFileReference; explicitFileType = wrapper.application; includeInIndex = 0; path = Landmarks.app; sourceTree = BUILT_PRODUCTS_DIR; };
		96DDADDF29CDEF070027F434 /* LandmarksApp.swift */ = {isa = PBXFileReference; lastKnownFileType = sourcecode.swift; path = LandmarksApp.swift; sourceTree = "<group>"; };
		96DDADE129CDEF070027F434 /* ContentView.swift */ = {isa = PBXFileReference; lastKnownFileType = sourcecode.swift; path = ContentView.swift; sourceTree = "<group>"; };
		96DDADE329CDEF0A0027F434 /* Assets.xcassets */ = {isa = PBXFileReference; lastKnownFileType = folder.assetcatalog; path = Assets.xcassets; sourceTree = "<group>"; };
		96DDADE629CDEF0A0027F434 /* Preview Assets.xcassets */ = {isa = PBXFileReference; lastKnownFileType = folder.assetcatalog; path = "Preview Assets.xcassets"; sourceTree = "<group>"; };
		96DDADEC29CDEF0B0027F434 /* LandmarksTests.xctest */ = {isa = PBXFileReference; explicitFileType = wrapper.cfbundle; includeInIndex = 0; path = LandmarksTests.xctest; sourceTree = BUILT_PRODUCTS_DIR; };
		96DDADF029CDEF0B0027F434 /* LandmarksTests.swift */ = {isa = PBXFileReference; lastKnownFileType = sourcecode.swift; path = LandmarksTests.swift; sourceTree = "<group>"; };
		96DDADF629CDEF0B0027F434 /* LandmarksUITests.xctest */ = {isa = PBXFileReference; explicitFileType = wrapper.cfbundle; includeInIndex = 0; path = LandmarksUITests.xctest; sourceTree = BUILT_PRODUCTS_DIR; };
		96DDADFA29CDEF0B0027F434 /* LandmarksUITests.swift */ = {isa = PBXFileReference; lastKnownFileType = sourcecode.swift; path = LandmarksUITests.swift; sourceTree = "<group>"; };
		96DDADFC29CDEF0B0027F434 /* LandmarksUITestsLaunchTests.swift */ = {isa = PBXFileReference; lastKnownFileType = sourcecode.swift; path = LandmarksUITestsLaunchTests.swift; sourceTree = "<group>"; };
		96DDAE0B29CDF4D10027F434 /* CircleImage.swift */ = {isa = PBXFileReference; lastKnownFileType = sourcecode.swift; path = CircleImage.swift; sourceTree = "<group>"; };
		96DDAE0D29CDF65F0027F434 /* MapView.swift */ = {isa = PBXFileReference; lastKnownFileType = sourcecode.swift; path = MapView.swift; sourceTree = "<group>"; };
		96DDAE1129CDFD890027F434 /* Landmark.swift */ = {isa = PBXFileReference; lastKnownFileType = sourcecode.swift; path = Landmark.swift; sourceTree = "<group>"; };
		96DDAE1C29CE06A20027F434 /* LandmarkRow.swift */ = {isa = PBXFileReference; lastKnownFileType = sourcecode.swift; path = LandmarkRow.swift; sourceTree = "<group>"; };
		96DDAE1E29CE4CD70027F434 /* LandmarkList.swift */ = {isa = PBXFileReference; lastKnownFileType = sourcecode.swift; path = LandmarkList.swift; sourceTree = "<group>"; };
		96DDAE2029CE4E7B0027F434 /* LandmarkDetail.swift */ = {isa = PBXFileReference; lastKnownFileType = sourcecode.swift; path = LandmarkDetail.swift; sourceTree = "<group>"; };
		B1D810BB29D0C7A500D0C316 /* landmarkData.json */ = {isa = PBXFileReference; fileEncoding = 4; lastKnownFileType = text.json; path = landmarkData.json; sourceTree = "<group>"; };
		B1D810BF29D0C7F100D0C316 /* ModelData.swift */ = {isa = PBXFileReference; fileEncoding = 4; lastKnownFileType = sourcecode.swift; path = ModelData.swift; sourceTree = "<group>"; };
		B1D8110029D0CE5300D0C316 /* FavoriteButton.swift */ = {isa = PBXFileReference; lastKnownFileType = sourcecode.swift; path = FavoriteButton.swift; sourceTree = "<group>"; };
		B1D8110529D22EC600D0C316 /* HexagonParameters.swift */ = {isa = PBXFileReference; lastKnownFileType = sourcecode.swift; path = HexagonParameters.swift; sourceTree = "<group>"; };
		B1D8110729D2310100D0C316 /* BadgeBackground.swift */ = {isa = PBXFileReference; lastKnownFileType = sourcecode.swift; path = BadgeBackground.swift; sourceTree = "<group>"; };
		B1D8110929D234DB00D0C316 /* BadgeSymbol.swift */ = {isa = PBXFileReference; lastKnownFileType = sourcecode.swift; path = BadgeSymbol.swift; sourceTree = "<group>"; };
		B1D8110B29D2393A00D0C316 /* RotatedBadgeSymbol.swift */ = {isa = PBXFileReference; lastKnownFileType = sourcecode.swift; path = RotatedBadgeSymbol.swift; sourceTree = "<group>"; };
		B1D8110D29D2397300D0C316 /* Badge.swift */ = {isa = PBXFileReference; lastKnownFileType = sourcecode.swift; path = Badge.swift; sourceTree = "<group>"; };
		B1D8111029D35B8F00D0C316 /* hikeData.json */ = {isa = PBXFileReference; fileEncoding = 4; lastKnownFileType = text.json; path = hikeData.json; sourceTree = "<group>"; };
		B1D8111229D35BC100D0C316 /* Hike.swift */ = {isa = PBXFileReference; lastKnownFileType = sourcecode.swift; path = Hike.swift; sourceTree = "<group>"; };
		B1D8111729D35E0E00D0C316 /* GraphCapsule.swift */ = {isa = PBXFileReference; fileEncoding = 4; lastKnownFileType = sourcecode.swift; path = GraphCapsule.swift; sourceTree = "<group>"; };
		B1D8111829D35E0E00D0C316 /* HikeGraph.swift */ = {isa = PBXFileReference; fileEncoding = 4; lastKnownFileType = sourcecode.swift; path = HikeGraph.swift; sourceTree = "<group>"; };
		B1D8111929D35E0E00D0C316 /* HikeDetail.swift */ = {isa = PBXFileReference; fileEncoding = 4; lastKnownFileType = sourcecode.swift; path = HikeDetail.swift; sourceTree = "<group>"; };
		B1D8111A29D35E0E00D0C316 /* HikeView.swift */ = {isa = PBXFileReference; fileEncoding = 4; lastKnownFileType = sourcecode.swift; path = HikeView.swift; sourceTree = "<group>"; };
		B1D8112029D37C6E00D0C316 /* CategoryHome.swift */ = {isa = PBXFileReference; lastKnownFileType = sourcecode.swift; path = CategoryHome.swift; sourceTree = "<group>"; };
		B1D8112229D3870D00D0C316 /* CategoryRow.swift */ = {isa = PBXFileReference; lastKnownFileType = sourcecode.swift; path = CategoryRow.swift; sourceTree = "<group>"; };
		B1D8112429D389EB00D0C316 /* CategoryItem.swift */ = {isa = PBXFileReference; lastKnownFileType = sourcecode.swift; path = CategoryItem.swift; sourceTree = "<group>"; };
		B1E91ECD29D449B600174279 /* Profile.swift */ = {isa = PBXFileReference; lastKnownFileType = sourcecode.swift; path = Profile.swift; sourceTree = "<group>"; };
		B1E91ECF29D449F600174279 /* ProfileHost.swift */ = {isa = PBXFileReference; lastKnownFileType = sourcecode.swift; path = ProfileHost.swift; sourceTree = "<group>"; };
		B1E91ED229D44A1400174279 /* ProfileSummary.swift */ = {isa = PBXFileReference; lastKnownFileType = sourcecode.swift; path = ProfileSummary.swift; sourceTree = "<group>"; };
		B1E91ED429D44AA800174279 /* HikeBadge.swift */ = {isa = PBXFileReference; lastKnownFileType = sourcecode.swift; path = HikeBadge.swift; sourceTree = "<group>"; };
/* End PBXFileReference section */

/* Begin PBXFrameworksBuildPhase section */
		96DDADD929CDEF070027F434 /* Frameworks */ = {
			isa = PBXFrameworksBuildPhase;
			buildActionMask = 2147483647;
			files = (
			);
			runOnlyForDeploymentPostprocessing = 0;
		};
		96DDADE929CDEF0B0027F434 /* Frameworks */ = {
			isa = PBXFrameworksBuildPhase;
			buildActionMask = 2147483647;
			files = (
			);
			runOnlyForDeploymentPostprocessing = 0;
		};
		96DDADF329CDEF0B0027F434 /* Frameworks */ = {
			isa = PBXFrameworksBuildPhase;
			buildActionMask = 2147483647;
			files = (
			);
			runOnlyForDeploymentPostprocessing = 0;
		};
/* End PBXFrameworksBuildPhase section */

/* Begin PBXGroup section */
		96DDADD329CDEF070027F434 = {
			isa = PBXGroup;
			children = (
				96DDADDE29CDEF070027F434 /* Landmarks */,
				96DDADEF29CDEF0B0027F434 /* LandmarksTests */,
				96DDADF929CDEF0B0027F434 /* LandmarksUITests */,
				96DDADDD29CDEF070027F434 /* Products */,
			);
			sourceTree = "<group>";
		};
		96DDADDD29CDEF070027F434 /* Products */ = {
			isa = PBXGroup;
			children = (
				96DDADDC29CDEF070027F434 /* Landmarks.app */,
				96DDADEC29CDEF0B0027F434 /* LandmarksTests.xctest */,
				96DDADF629CDEF0B0027F434 /* LandmarksUITests.xctest */,
			);
			name = Products;
			sourceTree = "<group>";
		};
		96DDADDE29CDEF070027F434 /* Landmarks */ = {
			isa = PBXGroup;
			children = (
				96DDADDF29CDEF070027F434 /* LandmarksApp.swift */,
				96DDAE1A29CE06420027F434 /* Model */,
				96DDAE1B29CE064B0027F434 /* Resources */,
				96DDAE1929CE06370027F434 /* Views */,
				96DDADE329CDEF0A0027F434 /* Assets.xcassets */,
				96DDADE529CDEF0A0027F434 /* Preview Content */,
			);
			path = Landmarks;
			sourceTree = "<group>";
		};
		96DDADE529CDEF0A0027F434 /* Preview Content */ = {
			isa = PBXGroup;
			children = (
				96DDADE629CDEF0A0027F434 /* Preview Assets.xcassets */,
			);
			path = "Preview Content";
			sourceTree = "<group>";
		};
		96DDADEF29CDEF0B0027F434 /* LandmarksTests */ = {
			isa = PBXGroup;
			children = (
				96DDADF029CDEF0B0027F434 /* LandmarksTests.swift */,
			);
			path = LandmarksTests;
			sourceTree = "<group>";
		};
		96DDADF929CDEF0B0027F434 /* LandmarksUITests */ = {
			isa = PBXGroup;
			children = (
				96DDADFA29CDEF0B0027F434 /* LandmarksUITests.swift */,
				96DDADFC29CDEF0B0027F434 /* LandmarksUITestsLaunchTests.swift */,
			);
			path = LandmarksUITests;
			sourceTree = "<group>";
		};
		96DDAE1929CE06370027F434 /* Views */ = {
			isa = PBXGroup;
			children = (
				96DDADE129CDEF070027F434 /* ContentView.swift */,
				B1D8110F29D23A4200D0C316 /* Badge */,
				B1D8111F29D37C3E00D0C316 /* Categories */,
				B1D8110329D0CF4200D0C316 /* Helpers */,
				B1D8111629D35E0E00D0C316 /* Hikes */,
				B1D8110429D0CF6B00D0C316 /* Landmarks */,
				B1E91ED129D449FC00174279 /* Profiles */,
			);
			path = Views;
			sourceTree = "<group>";
		};
		96DDAE1A29CE06420027F434 /* Model */ = {
			isa = PBXGroup;
			children = (
				B1D810BF29D0C7F100D0C316 /* ModelData.swift */,
				96DDAE1129CDFD890027F434 /* Landmark.swift */,
				B1D8111229D35BC100D0C316 /* Hike.swift */,
				B1E91ECD29D449B600174279 /* Profile.swift */,
			);
			path = Model;
			sourceTree = "<group>";
		};
		96DDAE1B29CE064B0027F434 /* Resources */ = {
			isa = PBXGroup;
			children = (
				B1D810BB29D0C7A500D0C316 /* landmarkData.json */,
				B1D8111029D35B8F00D0C316 /* hikeData.json */,
			);
			path = Resources;
			sourceTree = "<group>";
		};
		B1D8110329D0CF4200D0C316 /* Helpers */ = {
			isa = PBXGroup;
			children = (
				96DDAE0B29CDF4D10027F434 /* CircleImage.swift */,
				96DDAE0D29CDF65F0027F434 /* MapView.swift */,
				B1D8110029D0CE5300D0C316 /* FavoriteButton.swift */,
			);
			path = Helpers;
			sourceTree = "<group>";
		};
		B1D8110429D0CF6B00D0C316 /* Landmarks */ = {
			isa = PBXGroup;
			children = (
				96DDAE1C29CE06A20027F434 /* LandmarkRow.swift */,
				96DDAE1E29CE4CD70027F434 /* LandmarkList.swift */,
				96DDAE2029CE4E7B0027F434 /* LandmarkDetail.swift */,
			);
			path = Landmarks;
			sourceTree = "<group>";
		};
		B1D8110F29D23A4200D0C316 /* Badge */ = {
			isa = PBXGroup;
			children = (
				B1D8110D29D2397300D0C316 /* Badge.swift */,
				B1D8110729D2310100D0C316 /* BadgeBackground.swift */,
				B1D8110929D234DB00D0C316 /* BadgeSymbol.swift */,
				B1D8110529D22EC600D0C316 /* HexagonParameters.swift */,
				B1D8110B29D2393A00D0C316 /* RotatedBadgeSymbol.swift */,
			);
			path = Badge;
			sourceTree = "<group>";
		};
		B1D8111629D35E0E00D0C316 /* Hikes */ = {
			isa = PBXGroup;
			children = (
				B1D8111729D35E0E00D0C316 /* GraphCapsule.swift */,
				B1D8111829D35E0E00D0C316 /* HikeGraph.swift */,
				B1D8111929D35E0E00D0C316 /* HikeDetail.swift */,
				B1D8111A29D35E0E00D0C316 /* HikeView.swift */,
				B1E91ED429D44AA800174279 /* HikeBadge.swift */,
			);
			name = Hikes;
			path = ../../../../Downloads/AnimatingViewsAndTransitions/Resources/Hikes;
			sourceTree = "<group>";
		};
		B1D8111F29D37C3E00D0C316 /* Categories */ = {
			isa = PBXGroup;
			children = (
				B1D8112029D37C6E00D0C316 /* CategoryHome.swift */,
				B1D8112229D3870D00D0C316 /* CategoryRow.swift */,
				B1D8112429D389EB00D0C316 /* CategoryItem.swift */,
			);
			path = Categories;
			sourceTree = "<group>";
		};
		B1E91ED129D449FC00174279 /* Profiles */ = {
			isa = PBXGroup;
			children = (
				B1E91ECF29D449F600174279 /* ProfileHost.swift */,
				B1E91ED229D44A1400174279 /* ProfileSummary.swift */,
			);
			path = Profiles;
			sourceTree = "<group>";
		};
/* End PBXGroup section */

/* Begin PBXNativeTarget section */
		96DDADDB29CDEF070027F434 /* Landmarks */ = {
			isa = PBXNativeTarget;
			buildConfigurationList = 96DDAE0029CDEF0B0027F434 /* Build configuration list for PBXNativeTarget "Landmarks" */;
			buildPhases = (
				96DDADD829CDEF070027F434 /* Sources */,
				96DDADD929CDEF070027F434 /* Frameworks */,
				96DDADDA29CDEF070027F434 /* Resources */,
			);
			buildRules = (
			);
			dependencies = (
			);
			name = Landmarks;
			productName = Landmarks;
			productReference = 96DDADDC29CDEF070027F434 /* Landmarks.app */;
			productType = "com.apple.product-type.application";
		};
		96DDADEB29CDEF0B0027F434 /* LandmarksTests */ = {
			isa = PBXNativeTarget;
			buildConfigurationList = 96DDAE0329CDEF0B0027F434 /* Build configuration list for PBXNativeTarget "LandmarksTests" */;
			buildPhases = (
				96DDADE829CDEF0B0027F434 /* Sources */,
				96DDADE929CDEF0B0027F434 /* Frameworks */,
				96DDADEA29CDEF0B0027F434 /* Resources */,
			);
			buildRules = (
			);
			dependencies = (
				96DDADEE29CDEF0B0027F434 /* PBXTargetDependency */,
			);
			name = LandmarksTests;
			productName = LandmarksTests;
			productReference = 96DDADEC29CDEF0B0027F434 /* LandmarksTests.xctest */;
			productType = "com.apple.product-type.bundle.unit-test";
		};
		96DDADF529CDEF0B0027F434 /* LandmarksUITests */ = {
			isa = PBXNativeTarget;
			buildConfigurationList = 96DDAE0629CDEF0B0027F434 /* Build configuration list for PBXNativeTarget "LandmarksUITests" */;
			buildPhases = (
				96DDADF229CDEF0B0027F434 /* Sources */,
				96DDADF329CDEF0B0027F434 /* Frameworks */,
				96DDADF429CDEF0B0027F434 /* Resources */,
			);
			buildRules = (
			);
			dependencies = (
				96DDADF829CDEF0B0027F434 /* PBXTargetDependency */,
			);
			name = LandmarksUITests;
			productName = LandmarksUITests;
			productReference = 96DDADF629CDEF0B0027F434 /* LandmarksUITests.xctest */;
			productType = "com.apple.product-type.bundle.ui-testing";
		};
/* End PBXNativeTarget section */

/* Begin PBXProject section */
		96DDADD429CDEF070027F434 /* Project object */ = {
			isa = PBXProject;
			attributes = {
				BuildIndependentTargetsInParallel = 1;
				LastSwiftUpdateCheck = 1420;
				LastUpgradeCheck = 1420;
				TargetAttributes = {
					96DDADDB29CDEF070027F434 = {
						CreatedOnToolsVersion = 14.2;
					};
					96DDADEB29CDEF0B0027F434 = {
						CreatedOnToolsVersion = 14.2;
						TestTargetID = 96DDADDB29CDEF070027F434;
					};
					96DDADF529CDEF0B0027F434 = {
						CreatedOnToolsVersion = 14.2;
						TestTargetID = 96DDADDB29CDEF070027F434;
					};
				};
			};
			buildConfigurationList = 96DDADD729CDEF070027F434 /* Build configuration list for PBXProject "Landmarks" */;
			compatibilityVersion = "Xcode 14.0";
			developmentRegion = en;
			hasScannedForEncodings = 0;
			knownRegions = (
				en,
				Base,
			);
			mainGroup = 96DDADD329CDEF070027F434;
			productRefGroup = 96DDADDD29CDEF070027F434 /* Products */;
			projectDirPath = "";
			projectRoot = "";
			targets = (
				96DDADDB29CDEF070027F434 /* Landmarks */,
				96DDADEB29CDEF0B0027F434 /* LandmarksTests */,
				96DDADF529CDEF0B0027F434 /* LandmarksUITests */,
			);
		};
/* End PBXProject section */

/* Begin PBXResourcesBuildPhase section */
		96DDADDA29CDEF070027F434 /* Resources */ = {
			isa = PBXResourcesBuildPhase;
			buildActionMask = 2147483647;
			files = (
				B1D8111129D35B8F00D0C316 /* hikeData.json in Resources */,
				96DDADE729CDEF0A0027F434 /* Preview Assets.xcassets in Resources */,
				96DDADE429CDEF0A0027F434 /* Assets.xcassets in Resources */,
				B1D810BC29D0C7A500D0C316 /* landmarkData.json in Resources */,
			);
			runOnlyForDeploymentPostprocessing = 0;
		};
		96DDADEA29CDEF0B0027F434 /* Resources */ = {
			isa = PBXResourcesBuildPhase;
			buildActionMask = 2147483647;
			files = (
			);
			runOnlyForDeploymentPostprocessing = 0;
		};
		96DDADF429CDEF0B0027F434 /* Resources */ = {
			isa = PBXResourcesBuildPhase;
			buildActionMask = 2147483647;
			files = (
			);
			runOnlyForDeploymentPostprocessing = 0;
		};
/* End PBXResourcesBuildPhase section */

/* Begin PBXSourcesBuildPhase section */
		96DDADD829CDEF070027F434 /* Sources */ = {
			isa = PBXSourcesBuildPhase;
			buildActionMask = 2147483647;
			files = (
				B1D8112329D3870D00D0C316 /* CategoryRow.swift in Sources */,
				B1E91ED529D44AA800174279 /* HikeBadge.swift in Sources */,
				B1E91ECE29D449B600174279 /* Profile.swift in Sources */,
				96DDADE229CDEF070027F434 /* ContentView.swift in Sources */,
				B1D8112129D37C6E00D0C316 /* CategoryHome.swift in Sources */,
				B1D8111C29D35E0E00D0C316 /* HikeGraph.swift in Sources */,
				B1D8110E29D2397300D0C316 /* Badge.swift in Sources */,
				96DDAE0E29CDF65F0027F434 /* MapView.swift in Sources */,
				B1D8111B29D35E0E00D0C316 /* GraphCapsule.swift in Sources */,
				B1D810C029D0C7F200D0C316 /* ModelData.swift in Sources */,
				B1D8110129D0CE5300D0C316 /* FavoriteButton.swift in Sources */,
				B1D8112529D389EB00D0C316 /* CategoryItem.swift in Sources */,
				B1D8111D29D35E0E00D0C316 /* HikeDetail.swift in Sources */,
				B1E91ED329D44A1400174279 /* ProfileSummary.swift in Sources */,
				B1D8110629D22EC600D0C316 /* HexagonParameters.swift in Sources */,
				B1E91ED029D449F600174279 /* ProfileHost.swift in Sources */,
				B1D8111329D35BC100D0C316 /* Hike.swift in Sources */,
				B1D8110C29D2393A00D0C316 /* RotatedBadgeSymbol.swift in Sources */,
				B1D8110A29D234DB00D0C316 /* BadgeSymbol.swift in Sources */,
				96DDADE029CDEF070027F434 /* LandmarksApp.swift in Sources */,
				B1D8111E29D35E0E00D0C316 /* HikeView.swift in Sources */,
				96DDAE1F29CE4CD70027F434 /* LandmarkList.swift in Sources */,
				B1D8110829D2310100D0C316 /* BadgeBackground.swift in Sources */,
				96DDAE2129CE4E7B0027F434 /* LandmarkDetail.swift in Sources */,
				96DDAE0C29CDF4D10027F434 /* CircleImage.swift in Sources */,
				96DDAE1229CDFD890027F434 /* Landmark.swift in Sources */,
				96DDAE1D29CE06A20027F434 /* LandmarkRow.swift in Sources */,
			);
			runOnlyForDeploymentPostprocessing = 0;
		};
		96DDADE829CDEF0B0027F434 /* Sources */ = {
			isa = PBXSourcesBuildPhase;
			buildActionMask = 2147483647;
			files = (
				96DDADF129CDEF0B0027F434 /* LandmarksTests.swift in Sources */,
			);
			runOnlyForDeploymentPostprocessing = 0;
		};
		96DDADF229CDEF0B0027F434 /* Sources */ = {
			isa = PBXSourcesBuildPhase;
			buildActionMask = 2147483647;
			files = (
				96DDADFD29CDEF0B0027F434 /* LandmarksUITestsLaunchTests.swift in Sources */,
				96DDADFB29CDEF0B0027F434 /* LandmarksUITests.swift in Sources */,
			);
			runOnlyForDeploymentPostprocessing = 0;
		};
/* End PBXSourcesBuildPhase section */

/* Begin PBXTargetDependency section */
		96DDADEE29CDEF0B0027F434 /* PBXTargetDependency */ = {
			isa = PBXTargetDependency;
			target = 96DDADDB29CDEF070027F434 /* Landmarks */;
			targetProxy = 96DDADED29CDEF0B0027F434 /* PBXContainerItemProxy */;
		};
		96DDADF829CDEF0B0027F434 /* PBXTargetDependency */ = {
			isa = PBXTargetDependency;
			target = 96DDADDB29CDEF070027F434 /* Landmarks */;
			targetProxy = 96DDADF729CDEF0B0027F434 /* PBXContainerItemProxy */;
		};
/* End PBXTargetDependency section */

/* Begin XCBuildConfiguration section */
		96DDADFE29CDEF0B0027F434 /* Debug */ = {
			isa = XCBuildConfiguration;
			buildSettings = {
				ALWAYS_SEARCH_USER_PATHS = NO;
				CLANG_ANALYZER_NONNULL = YES;
				CLANG_ANALYZER_NUMBER_OBJECT_CONVERSION = YES_AGGRESSIVE;
				CLANG_CXX_LANGUAGE_STANDARD = "gnu++20";
				CLANG_ENABLE_MODULES = YES;
				CLANG_ENABLE_OBJC_ARC = YES;
				CLANG_ENABLE_OBJC_WEAK = YES;
				CLANG_WARN_BLOCK_CAPTURE_AUTORELEASING = YES;
				CLANG_WARN_BOOL_CONVERSION = YES;
				CLANG_WARN_COMMA = YES;
				CLANG_WARN_CONSTANT_CONVERSION = YES;
				CLANG_WARN_DEPRECATED_OBJC_IMPLEMENTATIONS = YES;
				CLANG_WARN_DIRECT_OBJC_ISA_USAGE = YES_ERROR;
				CLANG_WARN_DOCUMENTATION_COMMENTS = YES;
				CLANG_WARN_EMPTY_BODY = YES;
				CLANG_WARN_ENUM_CONVERSION = YES;
				CLANG_WARN_INFINITE_RECURSION = YES;
				CLANG_WARN_INT_CONVERSION = YES;
				CLANG_WARN_NON_LITERAL_NULL_CONVERSION = YES;
				CLANG_WARN_OBJC_IMPLICIT_RETAIN_SELF = YES;
				CLANG_WARN_OBJC_LITERAL_CONVERSION = YES;
				CLANG_WARN_OBJC_ROOT_CLASS = YES_ERROR;
				CLANG_WARN_QUOTED_INCLUDE_IN_FRAMEWORK_HEADER = YES;
				CLANG_WARN_RANGE_LOOP_ANALYSIS = YES;
				CLANG_WARN_STRICT_PROTOTYPES = YES;
				CLANG_WARN_SUSPICIOUS_MOVE = YES;
				CLANG_WARN_UNGUARDED_AVAILABILITY = YES_AGGRESSIVE;
				CLANG_WARN_UNREACHABLE_CODE = YES;
				CLANG_WARN__DUPLICATE_METHOD_MATCH = YES;
				COPY_PHASE_STRIP = NO;
				DEBUG_INFORMATION_FORMAT = dwarf;
				ENABLE_STRICT_OBJC_MSGSEND = YES;
				ENABLE_TESTABILITY = YES;
				GCC_C_LANGUAGE_STANDARD = gnu11;
				GCC_DYNAMIC_NO_PIC = NO;
				GCC_NO_COMMON_BLOCKS = YES;
				GCC_OPTIMIZATION_LEVEL = 0;
				GCC_PREPROCESSOR_DEFINITIONS = (
					"DEBUG=1",
					"$(inherited)",
				);
				GCC_WARN_64_TO_32_BIT_CONVERSION = YES;
				GCC_WARN_ABOUT_RETURN_TYPE = YES_ERROR;
				GCC_WARN_UNDECLARED_SELECTOR = YES;
				GCC_WARN_UNINITIALIZED_AUTOS = YES_AGGRESSIVE;
				GCC_WARN_UNUSED_FUNCTION = YES;
				GCC_WARN_UNUSED_VARIABLE = YES;
				IPHONEOS_DEPLOYMENT_TARGET = 16.2;
				MTL_ENABLE_DEBUG_INFO = INCLUDE_SOURCE;
				MTL_FAST_MATH = YES;
				ONLY_ACTIVE_ARCH = YES;
				SDKROOT = iphoneos;
				SWIFT_ACTIVE_COMPILATION_CONDITIONS = DEBUG;
				SWIFT_OPTIMIZATION_LEVEL = "-Onone";
			};
			name = Debug;
		};
		96DDADFF29CDEF0B0027F434 /* Release */ = {
			isa = XCBuildConfiguration;
			buildSettings = {
				ALWAYS_SEARCH_USER_PATHS = NO;
				CLANG_ANALYZER_NONNULL = YES;
				CLANG_ANALYZER_NUMBER_OBJECT_CONVERSION = YES_AGGRESSIVE;
				CLANG_CXX_LANGUAGE_STANDARD = "gnu++20";
				CLANG_ENABLE_MODULES = YES;
				CLANG_ENABLE_OBJC_ARC = YES;
				CLANG_ENABLE_OBJC_WEAK = YES;
				CLANG_WARN_BLOCK_CAPTURE_AUTORELEASING = YES;
				CLANG_WARN_BOOL_CONVERSION = YES;
				CLANG_WARN_COMMA = YES;
				CLANG_WARN_CONSTANT_CONVERSION = YES;
				CLANG_WARN_DEPRECATED_OBJC_IMPLEMENTATIONS = YES;
				CLANG_WARN_DIRECT_OBJC_ISA_USAGE = YES_ERROR;
				CLANG_WARN_DOCUMENTATION_COMMENTS = YES;
				CLANG_WARN_EMPTY_BODY = YES;
				CLANG_WARN_ENUM_CONVERSION = YES;
				CLANG_WARN_INFINITE_RECURSION = YES;
				CLANG_WARN_INT_CONVERSION = YES;
				CLANG_WARN_NON_LITERAL_NULL_CONVERSION = YES;
				CLANG_WARN_OBJC_IMPLICIT_RETAIN_SELF = YES;
				CLANG_WARN_OBJC_LITERAL_CONVERSION = YES;
				CLANG_WARN_OBJC_ROOT_CLASS = YES_ERROR;
				CLANG_WARN_QUOTED_INCLUDE_IN_FRAMEWORK_HEADER = YES;
				CLANG_WARN_RANGE_LOOP_ANALYSIS = YES;
				CLANG_WARN_STRICT_PROTOTYPES = YES;
				CLANG_WARN_SUSPICIOUS_MOVE = YES;
				CLANG_WARN_UNGUARDED_AVAILABILITY = YES_AGGRESSIVE;
				CLANG_WARN_UNREACHABLE_CODE = YES;
				CLANG_WARN__DUPLICATE_METHOD_MATCH = YES;
				COPY_PHASE_STRIP = NO;
				DEBUG_INFORMATION_FORMAT = "dwarf-with-dsym";
				ENABLE_NS_ASSERTIONS = NO;
				ENABLE_STRICT_OBJC_MSGSEND = YES;
				GCC_C_LANGUAGE_STANDARD = gnu11;
				GCC_NO_COMMON_BLOCKS = YES;
				GCC_WARN_64_TO_32_BIT_CONVERSION = YES;
				GCC_WARN_ABOUT_RETURN_TYPE = YES_ERROR;
				GCC_WARN_UNDECLARED_SELECTOR = YES;
				GCC_WARN_UNINITIALIZED_AUTOS = YES_AGGRESSIVE;
				GCC_WARN_UNUSED_FUNCTION = YES;
				GCC_WARN_UNUSED_VARIABLE = YES;
				IPHONEOS_DEPLOYMENT_TARGET = 16.2;
				MTL_ENABLE_DEBUG_INFO = NO;
				MTL_FAST_MATH = YES;
				SDKROOT = iphoneos;
				SWIFT_COMPILATION_MODE = wholemodule;
				SWIFT_OPTIMIZATION_LEVEL = "-O";
				VALIDATE_PRODUCT = YES;
			};
			name = Release;
		};
		96DDAE0129CDEF0B0027F434 /* Debug */ = {
			isa = XCBuildConfiguration;
			buildSettings = {
				ASSETCATALOG_COMPILER_APPICON_NAME = AppIcon;
				ASSETCATALOG_COMPILER_GLOBAL_ACCENT_COLOR_NAME = AccentColor;
				CODE_SIGN_STYLE = Automatic;
				CURRENT_PROJECT_VERSION = 1;
				DEVELOPMENT_ASSET_PATHS = "\"Landmarks/Preview Content\"";
				DEVELOPMENT_TEAM = KUD52W35Y2;
				ENABLE_PREVIEWS = YES;
				GENERATE_INFOPLIST_FILE = YES;
				INFOPLIST_KEY_UIApplicationSceneManifest_Generation = YES;
				INFOPLIST_KEY_UIApplicationSupportsIndirectInputEvents = YES;
				INFOPLIST_KEY_UILaunchScreen_Generation = YES;
				INFOPLIST_KEY_UISupportedInterfaceOrientations_iPad = "UIInterfaceOrientationPortrait UIInterfaceOrientationPortraitUpsideDown UIInterfaceOrientationLandscapeLeft UIInterfaceOrientationLandscapeRight";
				INFOPLIST_KEY_UISupportedInterfaceOrientations_iPhone = "UIInterfaceOrientationPortrait UIInterfaceOrientationLandscapeLeft UIInterfaceOrientationLandscapeRight";
				LD_RUNPATH_SEARCH_PATHS = (
					"$(inherited)",
					"@executable_path/Frameworks",
				);
				MARKETING_VERSION = 1.0;
				PRODUCT_BUNDLE_IDENTIFIER = co.uk.dougc.Landmarks;
				PRODUCT_NAME = "$(TARGET_NAME)";
				SWIFT_EMIT_LOC_STRINGS = YES;
				SWIFT_VERSION = 5.0;
				TARGETED_DEVICE_FAMILY = 1;
			};
			name = Debug;
		};
		96DDAE0229CDEF0B0027F434 /* Release */ = {
			isa = XCBuildConfiguration;
			buildSettings = {
				ASSETCATALOG_COMPILER_APPICON_NAME = AppIcon;
				ASSETCATALOG_COMPILER_GLOBAL_ACCENT_COLOR_NAME = AccentColor;
				CODE_SIGN_STYLE = Automatic;
				CURRENT_PROJECT_VERSION = 1;
				DEVELOPMENT_ASSET_PATHS = "\"Landmarks/Preview Content\"";
				DEVELOPMENT_TEAM = KUD52W35Y2;
				ENABLE_PREVIEWS = YES;
				GENERATE_INFOPLIST_FILE = YES;
				INFOPLIST_KEY_UIApplicationSceneManifest_Generation = YES;
				INFOPLIST_KEY_UIApplicationSupportsIndirectInputEvents = YES;
				INFOPLIST_KEY_UILaunchScreen_Generation = YES;
				INFOPLIST_KEY_UISupportedInterfaceOrientations_iPad = "UIInterfaceOrientationPortrait UIInterfaceOrientationPortraitUpsideDown UIInterfaceOrientationLandscapeLeft UIInterfaceOrientationLandscapeRight";
				INFOPLIST_KEY_UISupportedInterfaceOrientations_iPhone = "UIInterfaceOrientationPortrait UIInterfaceOrientationLandscapeLeft UIInterfaceOrientationLandscapeRight";
				LD_RUNPATH_SEARCH_PATHS = (
					"$(inherited)",
					"@executable_path/Frameworks",
				);
				MARKETING_VERSION = 1.0;
				PRODUCT_BUNDLE_IDENTIFIER = co.uk.dougc.Landmarks;
				PRODUCT_NAME = "$(TARGET_NAME)";
				SWIFT_EMIT_LOC_STRINGS = YES;
				SWIFT_VERSION = 5.0;
				TARGETED_DEVICE_FAMILY = 1;
			};
			name = Release;
		};
		96DDAE0429CDEF0B0027F434 /* Debug */ = {
			isa = XCBuildConfiguration;
			buildSettings = {
				ALWAYS_EMBED_SWIFT_STANDARD_LIBRARIES = YES;
				BUNDLE_LOADER = "$(TEST_HOST)";
				CODE_SIGN_STYLE = Automatic;
				CURRENT_PROJECT_VERSION = 1;
				GENERATE_INFOPLIST_FILE = YES;
				IPHONEOS_DEPLOYMENT_TARGET = 16.2;
				MARKETING_VERSION = 1.0;
				PRODUCT_BUNDLE_IDENTIFIER = com.LandmarksTests;
				PRODUCT_NAME = "$(TARGET_NAME)";
				SWIFT_EMIT_LOC_STRINGS = NO;
				SWIFT_VERSION = 5.0;
				TARGETED_DEVICE_FAMILY = "1,2";
				TEST_HOST = "$(BUILT_PRODUCTS_DIR)/Landmarks.app/$(BUNDLE_EXECUTABLE_FOLDER_PATH)/Landmarks";
			};
			name = Debug;
		};
		96DDAE0529CDEF0B0027F434 /* Release */ = {
			isa = XCBuildConfiguration;
			buildSettings = {
				ALWAYS_EMBED_SWIFT_STANDARD_LIBRARIES = YES;
				BUNDLE_LOADER = "$(TEST_HOST)";
				CODE_SIGN_STYLE = Automatic;
				CURRENT_PROJECT_VERSION = 1;
				GENERATE_INFOPLIST_FILE = YES;
				IPHONEOS_DEPLOYMENT_TARGET = 16.2;
				MARKETING_VERSION = 1.0;
				PRODUCT_BUNDLE_IDENTIFIER = com.LandmarksTests;
				PRODUCT_NAME = "$(TARGET_NAME)";
				SWIFT_EMIT_LOC_STRINGS = NO;
				SWIFT_VERSION = 5.0;
				TARGETED_DEVICE_FAMILY = "1,2";
				TEST_HOST = "$(BUILT_PRODUCTS_DIR)/Landmarks.app/$(BUNDLE_EXECUTABLE_FOLDER_PATH)/Landmarks";
			};
			name = Release;
		};
		96DDAE0729CDEF0B0027F434 /* Debug */ = {
			isa = XCBuildConfiguration;
			buildSettings = {
				ALWAYS_EMBED_SWIFT_STANDARD_LIBRARIES = YES;
				CODE_SIGN_STYLE = Automatic;
				CURRENT_PROJECT_VERSION = 1;
				GENERATE_INFOPLIST_FILE = YES;
				MARKETING_VERSION = 1.0;
				PRODUCT_BUNDLE_IDENTIFIER = com.LandmarksUITests;
				PRODUCT_NAME = "$(TARGET_NAME)";
				SWIFT_EMIT_LOC_STRINGS = NO;
				SWIFT_VERSION = 5.0;
				TARGETED_DEVICE_FAMILY = "1,2";
				TEST_TARGET_NAME = Landmarks;
			};
			name = Debug;
		};
		96DDAE0829CDEF0B0027F434 /* Release */ = {
			isa = XCBuildConfiguration;
			buildSettings = {
				ALWAYS_EMBED_SWIFT_STANDARD_LIBRARIES = YES;
				CODE_SIGN_STYLE = Automatic;
				CURRENT_PROJECT_VERSION = 1;
				GENERATE_INFOPLIST_FILE = YES;
				MARKETING_VERSION = 1.0;
				PRODUCT_BUNDLE_IDENTIFIER = com.LandmarksUITests;
				PRODUCT_NAME = "$(TARGET_NAME)";
				SWIFT_EMIT_LOC_STRINGS = NO;
				SWIFT_VERSION = 5.0;
				TARGETED_DEVICE_FAMILY = "1,2";
				TEST_TARGET_NAME = Landmarks;
			};
			name = Release;
		};
/* End XCBuildConfiguration section */

/* Begin XCConfigurationList section */
		96DDADD729CDEF070027F434 /* Build configuration list for PBXProject "Landmarks" */ = {
			isa = XCConfigurationList;
			buildConfigurations = (
				96DDADFE29CDEF0B0027F434 /* Debug */,
				96DDADFF29CDEF0B0027F434 /* Release */,
			);
			defaultConfigurationIsVisible = 0;
			defaultConfigurationName = Release;
		};
		96DDAE0029CDEF0B0027F434 /* Build configuration list for PBXNativeTarget "Landmarks" */ = {
			isa = XCConfigurationList;
			buildConfigurations = (
				96DDAE0129CDEF0B0027F434 /* Debug */,
				96DDAE0229CDEF0B0027F434 /* Release */,
			);
			defaultConfigurationIsVisible = 0;
			defaultConfigurationName = Release;
		};
		96DDAE0329CDEF0B0027F434 /* Build configuration list for PBXNativeTarget "LandmarksTests" */ = {
			isa = XCConfigurationList;
			buildConfigurations = (
				96DDAE0429CDEF0B0027F434 /* Debug */,
				96DDAE0529CDEF0B0027F434 /* Release */,
			);
			defaultConfigurationIsVisible = 0;
			defaultConfigurationName = Release;
		};
		96DDAE0629CDEF0B0027F434 /* Build configuration list for PBXNativeTarget "LandmarksUITests" */ = {
			isa = XCConfigurationList;
			buildConfigurations = (
				96DDAE0729CDEF0B0027F434 /* Debug */,
				96DDAE0829CDEF0B0027F434 /* Release */,
			);
			defaultConfigurationIsVisible = 0;
			defaultConfigurationName = Release;
		};
/* End XCConfigurationList section */
	};
	rootObject = 96DDADD429CDEF070027F434 /* Project object */;
}
